
Microsoft Visual Studio Solution File, Format Version 12.00
# Visual Studio Version 17
VisualStudioVersion = 17.7.34018.315
MinimumVisualStudioVersion = 10.0.40219.1
Project("{FAE04EC0-301F-11D3-BF4B-00C04F79EFBC}") = "AspNetCoreMvcQueryStringToForm", "src\AspNetCoreMvcQueryStringToForm\AspNetCoreMvcQueryStringToForm.csproj", "{4A4531B1-320F-48C5-8CC5-308CA4E36732}"
EndProject
Project("{2150E333-8FDC-42A3-9474-1A3956D46DE8}") = "Solution Items", "Solution Items", "{FAE8EB38-1373-47E9-BBD1-95884306B17B}"
	ProjectSection(SolutionItems) = preProject
		global.json = global.json
	EndProjectSection
EndProject
Global
	GlobalSection(SolutionConfigurationPlatforms) = preSolution
		Debug|Any CPU = Debug|Any CPU
		Release|Any CPU = Release|Any CPU
	EndGlobalSection
	GlobalSection(ProjectConfigurationPlatforms) = postSolution
		{4A4531B1-320F-48C5-8CC5-308CA4E36732}.Debug|Any CPU.ActiveCfg = Debug|Any CPU
		{4A4531B1-320F-48C5-8CC5-308CA4E36732}.Debug|Any CPU.Build.0 = Debug|Any CPU
		{4A4531B1-320F-48C5-8CC5-308CA4E36732}.Release|Any CPU.ActiveCfg = Release|Any CPU
		{4A4531B1-320F-48C5-8CC5-308CA4E36732}.Release|Any CPU.Build.0 = Release|Any CPU
	EndGlobalSection
	GlobalSection(SolutionProperties) = preSolution
		HideSolutionNode = FALSE
	EndGlobalSection
	GlobalSection(ExtensibilityGlobals) = postSolution
		SolutionGuid = {9E23A848-0631-4F02-8273-5B6FF6E611D8}
	EndGlobalSection
EndGlobal
